
Microsoft Visual Studio Solution File, Format Version 12.00
# Visual Studio Version 17
VisualStudioVersion = 17.8.34511.84
MinimumVisualStudioVersion = 10.0.40219.1
Project("{8BC9CEB8-8B4A-11D0-8D11-00A0C91BC942}") = "CompositionSandbox.Native", "CompositionSandbox.Native\CompositionSandbox.Native.vcxproj", "{FA667235-C50F-4419-85BD-00C0186AD94F}"
EndProject
Global
	GlobalSection(SolutionConfigurationPlatforms) = preSolution
		Debug|x64 = Debug|x64
		Debug|x86 = Debug|x86
		Release|x64 = Release|x64
		Release|x86 = Release|x86
	EndGlobalSection
	GlobalSection(ProjectConfigurationPlatforms) = postSolution
		{FA667235-C50F-4419-85BD-00C0186AD94F}.Debug|x64.ActiveCfg = Debug|x64
		{FA667235-C50F-4419-85BD-00C0186AD94F}.Debug|x64.Build.0 = Debug|x64
		{FA667235-C50F-4419-85BD-00C0186AD94F}.Debug|x86.ActiveCfg = Debug|Win32
		{FA667235-C50F-4419-85BD-00C0186AD94F}.Debug|x86.Build.0 = Debug|Win32
		{FA667235-C50F-4419-85BD-00C0186AD94F}.Release|x64.ActiveCfg = Release|x64
		{FA667235-C50F-4419-85BD-00C0186AD94F}.Release|x64.Build.0 = Release|x64
		{FA667235-C50F-4419-85BD-00C0186AD94F}.Release|x86.ActiveCfg = Release|Win32
		{FA667235-C50F-4419-85BD-00C0186AD94F}.Release|x86.Build.0 = Release|Win32
	EndGlobalSection
	GlobalSection(SolutionProperties) = preSolution
		HideSolutionNode = FALSE
	EndGlobalSection
	GlobalSection(ExtensibilityGlobals) = postSolution
		SolutionGuid = {B5DA9B8E-AD29-4D91-88F4-FE745AB19DC0}
	EndGlobalSection
EndGlobal
